
Microsoft Visual Studio Solution File, Format Version 12.00
# Visual Studio Version 16
VisualStudioVersion = 16.0.29926.136
MinimumVisualStudioVersion = 10.0.40219.1
Project("{9A19103F-16F7-4668-BE54-9A1E7A4F7556}") = "EscapeMines", "EscapeMines\EscapeMines.csproj", "{C3917FEF-32D6-4C0B-83D5-516441ACB173}"
EndProject
Project("{FAE04EC0-301F-11D3-BF4B-00C04F79EFBC}") = "EscapeMines.Test", "EscapeMines.Test\EscapeMines.Test.csproj", "{B995EA93-8D68-42BE-A1BE-84BEDE79C993}"
EndProject
Global
	GlobalSection(SolutionConfigurationPlatforms) = preSolution
		Debug|Any CPU = Debug|Any CPU
		Release|Any CPU = Release|Any CPU
	EndGlobalSection
	GlobalSection(ProjectConfigurationPlatforms) = postSolution
		{C3917FEF-32D6-4C0B-83D5-516441ACB173}.Debug|Any CPU.ActiveCfg = Debug|Any CPU
		{C3917FEF-32D6-4C0B-83D5-516441ACB173}.Debug|Any CPU.Build.0 = Debug|Any CPU
		{C3917FEF-32D6-4C0B-83D5-516441ACB173}.Release|Any CPU.ActiveCfg = Release|Any CPU
		{C3917FEF-32D6-4C0B-83D5-516441ACB173}.Release|Any CPU.Build.0 = Release|Any CPU
		{B995EA93-8D68-42BE-A1BE-84BEDE79C993}.Debug|Any CPU.ActiveCfg = Debug|Any CPU
		{B995EA93-8D68-42BE-A1BE-84BEDE79C993}.Debug|Any CPU.Build.0 = Debug|Any CPU
		{B995EA93-8D68-42BE-A1BE-84BEDE79C993}.Release|Any CPU.ActiveCfg = Release|Any CPU
		{B995EA93-8D68-42BE-A1BE-84BEDE79C993}.Release|Any CPU.Build.0 = Release|Any CPU
	EndGlobalSection
	GlobalSection(SolutionProperties) = preSolution
		HideSolutionNode = FALSE
	EndGlobalSection
	GlobalSection(ExtensibilityGlobals) = postSolution
		SolutionGuid = {F207414D-5595-45C5-BF3D-C176C4BD32FD}
	EndGlobalSection
EndGlobal
